
Microsoft Visual Studio Solution File, Format Version 12.00
# Visual Studio 14
VisualStudioVersion = 14.0.24720.0
MinimumVisualStudioVersion = 10.0.40219.1
Project("{FAE04EC0-301F-11D3-BF4B-00C04F79EFBC}") = "MonoCrab3.5", "MonoCrab3.5\MonoCrab3.5.csproj", "{CFC9077F-4C15-462F-B593-B3AB810B8E21}"
EndProject
Global
	GlobalSection(SolutionConfigurationPlatforms) = preSolution
		Debug|x64 = Debug|x64
		Debug|x86 = Debug|x86
		Release|x64 = Release|x64
		Release|x86 = Release|x86
	EndGlobalSection
	GlobalSection(ProjectConfigurationPlatforms) = postSolution
		{CFC9077F-4C15-462F-B593-B3AB810B8E21}.Debug|x64.ActiveCfg = Debug|x64
		{CFC9077F-4C15-462F-B593-B3AB810B8E21}.Debug|x64.Build.0 = Debug|x64
		{CFC9077F-4C15-462F-B593-B3AB810B8E21}.Debug|x86.ActiveCfg = Debug|x86
		{CFC9077F-4C15-462F-B593-B3AB810B8E21}.Debug|x86.Build.0 = Debug|x86
		{CFC9077F-4C15-462F-B593-B3AB810B8E21}.Release|x64.ActiveCfg = Release|x64
		{CFC9077F-4C15-462F-B593-B3AB810B8E21}.Release|x64.Build.0 = Release|x64
		{CFC9077F-4C15-462F-B593-B3AB810B8E21}.Release|x86.ActiveCfg = Release|x86
		{CFC9077F-4C15-462F-B593-B3AB810B8E21}.Release|x86.Build.0 = Release|x86
	EndGlobalSection
	GlobalSection(SolutionProperties) = preSolution
		HideSolutionNode = FALSE
	EndGlobalSection
EndGlobal
